
Microsoft Visual Studio Solution File, Format Version 12.00
# Visual Studio 15
VisualStudioVersion = 15.0.28307.489
MinimumVisualStudioVersion = 10.0.40219.1
Project("{FAE04EC0-301F-11D3-BF4B-00C04F79EFBC}") = "DepartmentsAndEmployees", "DepartmentsAndEmployees\DepartmentsAndEmployees.csproj", "{9AF26659-CD75-47D3-9E4D-E86BA24EC7FD}"
EndProject
Global
	GlobalSection(SolutionConfigurationPlatforms) = preSolution
		Debug|Any CPU = Debug|Any CPU
		Release|Any CPU = Release|Any CPU
	EndGlobalSection
	GlobalSection(ProjectConfigurationPlatforms) = postSolution
		{9AF26659-CD75-47D3-9E4D-E86BA24EC7FD}.Debug|Any CPU.ActiveCfg = Debug|Any CPU
		{9AF26659-CD75-47D3-9E4D-E86BA24EC7FD}.Debug|Any CPU.Build.0 = Debug|Any CPU
		{9AF26659-CD75-47D3-9E4D-E86BA24EC7FD}.Release|Any CPU.ActiveCfg = Release|Any CPU
		{9AF26659-CD75-47D3-9E4D-E86BA24EC7FD}.Release|Any CPU.Build.0 = Release|Any CPU
	EndGlobalSection
	GlobalSection(SolutionProperties) = preSolution
		HideSolutionNode = FALSE
	EndGlobalSection
	GlobalSection(ExtensibilityGlobals) = postSolution
		SolutionGuid = {E592E2E7-48E7-4D26-A1BC-F361EFC1C834}
	EndGlobalSection
EndGlobal
